
Microsoft Visual Studio Solution File, Format Version 12.00
# Visual Studio Version 17
VisualStudioVersion = 17.5.002.0
MinimumVisualStudioVersion = 10.0.40219.1
Project("{2150E333-8FDC-42A3-9474-1A3956D46DE8}") = "csharp-prep", "csharp-prep", "{26EA2E29-85DA-407E-83AC-B8B307F95428}"
EndProject
Project("{9A19103F-16F7-4668-BE54-9A1E7A4F7556}") = "Prep1", "csharp-prep\Prep1\Prep1.csproj", "{DABABC0A-B66A-435D-AAEE-7FF4BC232196}"
EndProject
Project("{9A19103F-16F7-4668-BE54-9A1E7A4F7556}") = "Prep2", "csharp-prep\Prep2\Prep2.csproj", "{9BCBB4E5-B60E-43AB-A711-20D791404135}"
EndProject
Project("{9A19103F-16F7-4668-BE54-9A1E7A4F7556}") = "Prep3", "csharp-prep\Prep3\Prep3.csproj", "{6C708C16-AF16-4F7D-9FB2-707EDF7FE191}"
EndProject
Project("{9A19103F-16F7-4668-BE54-9A1E7A4F7556}") = "Prep4", "csharp-prep\Prep4\Prep4.csproj", "{6A8DAFD4-DB79-4B17-AA88-9C6882D8B9ED}"
EndProject
Project("{9A19103F-16F7-4668-BE54-9A1E7A4F7556}") = "Prep5", "csharp-prep\Prep5\Prep5.csproj", "{F7D89316-0ABE-4694-B4E4-1852B3E99386}"
EndProject
Project("{2150E333-8FDC-42A3-9474-1A3956D46DE8}") = "final", "final", "{70BCB609-3A24-4EE2-AED5-113DB01640C4}"
EndProject
Project("{9A19103F-16F7-4668-BE54-9A1E7A4F7556}") = "FinalProject", "final\FinalProject\FinalProject.csproj", "{8FC4EB32-1186-4E53-906A-39CAF8A6F96F}"
EndProject
Project("{9A19103F-16F7-4668-BE54-9A1E7A4F7556}") = "Foundation1", "final\Foundation1\Foundation1.csproj", "{884310F2-DB70-43D2-9AF6-7FC521B57045}"
EndProject
Project("{9A19103F-16F7-4668-BE54-9A1E7A4F7556}") = "Foundation2", "final\Foundation2\Foundation2.csproj", "{01EFE48C-2F7F-4A6F-B38D-0176FD4DF129}"
EndProject
Project("{9A19103F-16F7-4668-BE54-9A1E7A4F7556}") = "Foundation3", "final\Foundation3\Foundation3.csproj", "{EF106983-2694-45C2-8B0D-5CB3C37BA42A}"
EndProject
Project("{9A19103F-16F7-4668-BE54-9A1E7A4F7556}") = "Foundation4", "final\Foundation4\Foundation4.csproj", "{9DEA1276-83FE-43B8-A111-45729FD98B6D}"
EndProject
Project("{2150E333-8FDC-42A3-9474-1A3956D46DE8}") = "prepare", "prepare", "{CD18DCD6-3481-4523-B494-D8BF7B66C5D3}"
EndProject
Project("{9A19103F-16F7-4668-BE54-9A1E7A4F7556}") = "Learning02", "prepare\Learning02\Learning02.csproj", "{D1F909C0-F30C-43D8-BD54-9EB36DA0F9E9}"
EndProject
Project("{9A19103F-16F7-4668-BE54-9A1E7A4F7556}") = "Learning03", "prepare\Learning03\Learning03.csproj", "{14EAB783-1138-4757-95AE-25029721A836}"
EndProject
Project("{9A19103F-16F7-4668-BE54-9A1E7A4F7556}") = "Learning04", "prepare\Learning04\Learning04.csproj", "{3FE8D024-8D3C-4951-8F6A-4DC7B17A6367}"
EndProject
Project("{9A19103F-16F7-4668-BE54-9A1E7A4F7556}") = "Learning05", "prepare\Learning05\Learning05.csproj", "{EE54D198-D835-4BA8-95BB-7E64F9900D9B}"
EndProject
Project("{2150E333-8FDC-42A3-9474-1A3956D46DE8}") = "prove", "prove", "{907BCC7C-011C-49A6-ACE2-FC194FCDF46B}"
EndProject
Project("{9A19103F-16F7-4668-BE54-9A1E7A4F7556}") = "Develop02", "prove\Develop02\Develop02.csproj", "{A148AAA5-AEBD-45A0-A8C7-B2DEF6747473}"
EndProject
Project("{9A19103F-16F7-4668-BE54-9A1E7A4F7556}") = "Develop03", "prove\Develop03\Develop03.csproj", "{203B076E-589A-41DB-BD02-2208B04FC76C}"
EndProject
Project("{9A19103F-16F7-4668-BE54-9A1E7A4F7556}") = "Develop04", "prove\Develop04\Develop04.csproj", "{2F134C28-78F5-42A5-BC6B-A2768A83E04D}"
EndProject
Project("{9A19103F-16F7-4668-BE54-9A1E7A4F7556}") = "Develop05", "prove\Develop05\Develop05.csproj", "{511A2308-BF2B-42C7-9352-341E6F6270F5}"
EndProject
Project("{2150E333-8FDC-42A3-9474-1A3956D46DE8}") = "sandbox", "sandbox", "{90483124-7B87-45AF-A62C-241FC3ADD9C8}"
EndProject
Project("{9A19103F-16F7-4668-BE54-9A1E7A4F7556}") = "Sandbox", "sandbox\Sandbox\Sandbox.csproj", "{BAD31618-04D9-47A6-8C18-A577B808EDEB}"
EndProject
Global
	GlobalSection(SolutionConfigurationPlatforms) = preSolution
		Debug|Any CPU = Debug|Any CPU
		Release|Any CPU = Release|Any CPU
	EndGlobalSection
	GlobalSection(ProjectConfigurationPlatforms) = postSolution
		{DABABC0A-B66A-435D-AAEE-7FF4BC232196}.Debug|Any CPU.ActiveCfg = Debug|Any CPU
		{DABABC0A-B66A-435D-AAEE-7FF4BC232196}.Debug|Any CPU.Build.0 = Debug|Any CPU
		{DABABC0A-B66A-435D-AAEE-7FF4BC232196}.Release|Any CPU.ActiveCfg = Release|Any CPU
		{DABABC0A-B66A-435D-AAEE-7FF4BC232196}.Release|Any CPU.Build.0 = Release|Any CPU
		{9BCBB4E5-B60E-43AB-A711-20D791404135}.Debug|Any CPU.ActiveCfg = Debug|Any CPU
		{9BCBB4E5-B60E-43AB-A711-20D791404135}.Debug|Any CPU.Build.0 = Debug|Any CPU
		{9BCBB4E5-B60E-43AB-A711-20D791404135}.Release|Any CPU.ActiveCfg = Release|Any CPU
		{9BCBB4E5-B60E-43AB-A711-20D791404135}.Release|Any CPU.Build.0 = Release|Any CPU
		{6C708C16-AF16-4F7D-9FB2-707EDF7FE191}.Debug|Any CPU.ActiveCfg = Debug|Any CPU
		{6C708C16-AF16-4F7D-9FB2-707EDF7FE191}.Debug|Any CPU.Build.0 = Debug|Any CPU
		{6C708C16-AF16-4F7D-9FB2-707EDF7FE191}.Release|Any CPU.ActiveCfg = Release|Any CPU
		{6C708C16-AF16-4F7D-9FB2-707EDF7FE191}.Release|Any CPU.Build.0 = Release|Any CPU
		{6A8DAFD4-DB79-4B17-AA88-9C6882D8B9ED}.Debug|Any CPU.ActiveCfg = Debug|Any CPU
		{6A8DAFD4-DB79-4B17-AA88-9C6882D8B9ED}.Debug|Any CPU.Build.0 = Debug|Any CPU
		{6A8DAFD4-DB79-4B17-AA88-9C6882D8B9ED}.Release|Any CPU.ActiveCfg = Release|Any CPU
		{6A8DAFD4-DB79-4B17-AA88-9C6882D8B9ED}.Release|Any CPU.Build.0 = Release|Any CPU
		{F7D89316-0ABE-4694-B4E4-1852B3E99386}.Debug|Any CPU.ActiveCfg = Debug|Any CPU
		{F7D89316-0ABE-4694-B4E4-1852B3E99386}.Debug|Any CPU.Build.0 = Debug|Any CPU
		{F7D89316-0ABE-4694-B4E4-1852B3E99386}.Release|Any CPU.ActiveCfg = Release|Any CPU
		{F7D89316-0ABE-4694-B4E4-1852B3E99386}.Release|Any CPU.Build.0 = Release|Any CPU
		{8FC4EB32-1186-4E53-906A-39CAF8A6F96F}.Debug|Any CPU.ActiveCfg = Debug|Any CPU
		{8FC4EB32-1186-4E53-906A-39CAF8A6F96F}.Debug|Any CPU.Build.0 = Debug|Any CPU
		{8FC4EB32-1186-4E53-906A-39CAF8A6F96F}.Release|Any CPU.ActiveCfg = Release|Any CPU
		{8FC4EB32-1186-4E53-906A-39CAF8A6F96F}.Release|Any CPU.Build.0 = Release|Any CPU
		{884310F2-DB70-43D2-9AF6-7FC521B57045}.Debug|Any CPU.ActiveCfg = Debug|Any CPU
		{884310F2-DB70-43D2-9AF6-7FC521B57045}.Debug|Any CPU.Build.0 = Debug|Any CPU
		{884310F2-DB70-43D2-9AF6-7FC521B57045}.Release|Any CPU.ActiveCfg = Release|Any CPU
		{884310F2-DB70-43D2-9AF6-7FC521B57045}.Release|Any CPU.Build.0 = Release|Any CPU
		{01EFE48C-2F7F-4A6F-B38D-0176FD4DF129}.Debug|Any CPU.ActiveCfg = Debug|Any CPU
		{01EFE48C-2F7F-4A6F-B38D-0176FD4DF129}.Debug|Any CPU.Build.0 = Debug|Any CPU
		{01EFE48C-2F7F-4A6F-B38D-0176FD4DF129}.Release|Any CPU.ActiveCfg = Release|Any CPU
		{01EFE48C-2F7F-4A6F-B38D-0176FD4DF129}.Release|Any CPU.Build.0 = Release|Any CPU
		{EF106983-2694-45C2-8B0D-5CB3C37BA42A}.Debug|Any CPU.ActiveCfg = Debug|Any CPU
		{EF106983-2694-45C2-8B0D-5CB3C37BA42A}.Debug|Any CPU.Build.0 = Debug|Any CPU
		{EF106983-2694-45C2-8B0D-5CB3C37BA42A}.Release|Any CPU.ActiveCfg = Release|Any CPU
		{EF106983-2694-45C2-8B0D-5CB3C37BA42A}.Release|Any CPU.Build.0 = Release|Any CPU
		{9DEA1276-83FE-43B8-A111-45729FD98B6D}.Debug|Any CPU.ActiveCfg = Debug|Any CPU
		{9DEA1276-83FE-43B8-A111-45729FD98B6D}.Debug|Any CPU.Build.0 = Debug|Any CPU
		{9DEA1276-83FE-43B8-A111-45729FD98B6D}.Release|Any CPU.ActiveCfg = Release|Any CPU
		{9DEA1276-83FE-43B8-A111-45729FD98B6D}.Release|Any CPU.Build.0 = Release|Any CPU
		{D1F909C0-F30C-43D8-BD54-9EB36DA0F9E9}.Debug|Any CPU.ActiveCfg = Debug|Any CPU
		{D1F909C0-F30C-43D8-BD54-9EB36DA0F9E9}.Debug|Any CPU.Build.0 = Debug|Any CPU
		{D1F909C0-F30C-43D8-BD54-9EB36DA0F9E9}.Release|Any CPU.ActiveCfg = Release|Any CPU
		{D1F909C0-F30C-43D8-BD54-9EB36DA0F9E9}.Release|Any CPU.Build.0 = Release|Any CPU
		{14EAB783-1138-4757-95AE-25029721A836}.Debug|Any CPU.ActiveCfg = Debug|Any CPU
		{14EAB783-1138-4757-95AE-25029721A836}.Debug|Any CPU.Build.0 = Debug|Any CPU
		{14EAB783-1138-4757-95AE-25029721A836}.Release|Any CPU.ActiveCfg = Release|Any CPU
		{14EAB783-1138-4757-95AE-25029721A836}.Release|Any CPU.Build.0 = Release|Any CPU
		{3FE8D024-8D3C-4951-8F6A-4DC7B17A6367}.Debug|Any CPU.ActiveCfg = Debug|Any CPU
		{3FE8D024-8D3C-4951-8F6A-4DC7B17A6367}.Debug|Any CPU.Build.0 = Debug|Any CPU
		{3FE8D024-8D3C-4951-8F6A-4DC7B17A6367}.Release|Any CPU.ActiveCfg = Release|Any CPU
		{3FE8D024-8D3C-4951-8F6A-4DC7B17A6367}.Release|Any CPU.Build.0 = Release|Any CPU
		{EE54D198-D835-4BA8-95BB-7E64F9900D9B}.Debug|Any CPU.ActiveCfg = Debug|Any CPU
		{EE54D198-D835-4BA8-95BB-7E64F9900D9B}.Debug|Any CPU.Build.0 = Debug|Any CPU
		{EE54D198-D835-4BA8-95BB-7E64F9900D9B}.Release|Any CPU.ActiveCfg = Release|Any CPU
		{EE54D198-D835-4BA8-95BB-7E64F9900D9B}.Release|Any CPU.Build.0 = Release|Any CPU
		{A148AAA5-AEBD-45A0-A8C7-B2DEF6747473}.Debug|Any CPU.ActiveCfg = Debug|Any CPU
		{A148AAA5-AEBD-45A0-A8C7-B2DEF6747473}.Debug|Any CPU.Build.0 = Debug|Any CPU
		{A148AAA5-AEBD-45A0-A8C7-B2DEF6747473}.Release|Any CPU.ActiveCfg = Release|Any CPU
		{A148AAA5-AEBD-45A0-A8C7-B2DEF6747473}.Release|Any CPU.Build.0 = Release|Any CPU
		{203B076E-589A-41DB-BD02-2208B04FC76C}.Debug|Any CPU.ActiveCfg = Debug|Any CPU
		{203B076E-589A-41DB-BD02-2208B04FC76C}.Debug|Any CPU.Build.0 = Debug|Any CPU
		{203B076E-589A-41DB-BD02-2208B04FC76C}.Release|Any CPU.ActiveCfg = Release|Any CPU
		{203B076E-589A-41DB-BD02-2208B04FC76C}.Release|Any CPU.Build.0 = Release|Any CPU
		{2F134C28-78F5-42A5-BC6B-A2768A83E04D}.Debug|Any CPU.ActiveCfg = Debug|Any CPU
		{2F134C28-78F5-42A5-BC6B-A2768A83E04D}.Debug|Any CPU.Build.0 = Debug|Any CPU
		{2F134C28-78F5-42A5-BC6B-A2768A83E04D}.Release|Any CPU.ActiveCfg = Release|Any CPU
		{2F134C28-78F5-42A5-BC6B-A2768A83E04D}.Release|Any CPU.Build.0 = Release|Any CPU
		{511A2308-BF2B-42C7-9352-341E6F6270F5}.Debug|Any CPU.ActiveCfg = Debug|Any CPU
		{511A2308-BF2B-42C7-9352-341E6F6270F5}.Debug|Any CPU.Build.0 = Debug|Any CPU
		{511A2308-BF2B-42C7-9352-341E6F6270F5}.Release|Any CPU.ActiveCfg = Release|Any CPU
		{511A2308-BF2B-42C7-9352-341E6F6270F5}.Release|Any CPU.Build.0 = Release|Any CPU
		{BAD31618-04D9-47A6-8C18-A577B808EDEB}.Debug|Any CPU.ActiveCfg = Debug|Any CPU
		{BAD31618-04D9-47A6-8C18-A577B808EDEB}.Debug|Any CPU.Build.0 = Debug|Any CPU
		{BAD31618-04D9-47A6-8C18-A577B808EDEB}.Release|Any CPU.ActiveCfg = Release|Any CPU
		{BAD31618-04D9-47A6-8C18-A577B808EDEB}.Release|Any CPU.Build.0 = Release|Any CPU
	EndGlobalSection
	GlobalSection(SolutionProperties) = preSolution
		HideSolutionNode = FALSE
	EndGlobalSection
	GlobalSection(NestedProjects) = preSolution
		{DABABC0A-B66A-435D-AAEE-7FF4BC232196} = {26EA2E29-85DA-407E-83AC-B8B307F95428}
		{9BCBB4E5-B60E-43AB-A711-20D791404135} = {26EA2E29-85DA-407E-83AC-B8B307F95428}
		{6C708C16-AF16-4F7D-9FB2-707EDF7FE191} = {26EA2E29-85DA-407E-83AC-B8B307F95428}
		{6A8DAFD4-DB79-4B17-AA88-9C6882D8B9ED} = {26EA2E29-85DA-407E-83AC-B8B307F95428}
		{F7D89316-0ABE-4694-B4E4-1852B3E99386} = {26EA2E29-85DA-407E-83AC-B8B307F95428}
		{8FC4EB32-1186-4E53-906A-39CAF8A6F96F} = {70BCB609-3A24-4EE2-AED5-113DB01640C4}
		{884310F2-DB70-43D2-9AF6-7FC521B57045} = {70BCB609-3A24-4EE2-AED5-113DB01640C4}
		{01EFE48C-2F7F-4A6F-B38D-0176FD4DF129} = {70BCB609-3A24-4EE2-AED5-113DB01640C4}
		{EF106983-2694-45C2-8B0D-5CB3C37BA42A} = {70BCB609-3A24-4EE2-AED5-113DB01640C4}
		{9DEA1276-83FE-43B8-A111-45729FD98B6D} = {70BCB609-3A24-4EE2-AED5-113DB01640C4}
		{D1F909C0-F30C-43D8-BD54-9EB36DA0F9E9} = {CD18DCD6-3481-4523-B494-D8BF7B66C5D3}
		{14EAB783-1138-4757-95AE-25029721A836} = {CD18DCD6-3481-4523-B494-D8BF7B66C5D3}
		{3FE8D024-8D3C-4951-8F6A-4DC7B17A6367} = {CD18DCD6-3481-4523-B494-D8BF7B66C5D3}
		{EE54D198-D835-4BA8-95BB-7E64F9900D9B} = {CD18DCD6-3481-4523-B494-D8BF7B66C5D3}
		{A148AAA5-AEBD-45A0-A8C7-B2DEF6747473} = {907BCC7C-011C-49A6-ACE2-FC194FCDF46B}
		{203B076E-589A-41DB-BD02-2208B04FC76C} = {907BCC7C-011C-49A6-ACE2-FC194FCDF46B}
		{2F134C28-78F5-42A5-BC6B-A2768A83E04D} = {907BCC7C-011C-49A6-ACE2-FC194FCDF46B}
		{511A2308-BF2B-42C7-9352-341E6F6270F5} = {907BCC7C-011C-49A6-ACE2-FC194FCDF46B}
		{BAD31618-04D9-47A6-8C18-A577B808EDEB} = {90483124-7B87-45AF-A62C-241FC3ADD9C8}
	EndGlobalSection
	GlobalSection(ExtensibilityGlobals) = postSolution
		SolutionGuid = {11CBA876-F536-4BCD-B9F5-98D1A2AC6511}
	EndGlobalSection
EndGlobal
